
Microsoft Visual Studio Solution File, Format Version 12.00
# Visual Studio 14
VisualStudioVersion = 14.0.25420.1
MinimumVisualStudioVersion = 10.0.40219.1
Project("{8BC9CEB8-8B4A-11D0-8D11-00A0C91BC942}") = "lua_c_modules", "lua_c_modules.vcxproj", "{81A0FF74-B767-47CB-A8B8-2E0DC0AF2C2A}"
	ProjectSection(ProjectDependencies) = postProject
		{B6F5A53A-2628-4F28-9FFD-E1CA9611DDCA} = {B6F5A53A-2628-4F28-9FFD-E1CA9611DDCA}
		{73FE25D5-2C8C-4E06-974F-B43C7405D9FA} = {73FE25D5-2C8C-4E06-974F-B43C7405D9FA}
	EndProjectSection
EndProject
Project("{8BC9CEB8-8B4A-11D0-8D11-00A0C91BC942}") = "lua51", "..\lua51\lua51.vcxproj", "{B6F5A53A-2628-4F28-9FFD-E1CA9611DDCA}"
EndProject
Project("{8BC9CEB8-8B4A-11D0-8D11-00A0C91BC942}") = "lua-gd", "..\lua-gd\lua-gd.vcxproj", "{FD8E4DDE-FBA9-4808-8102-335D07C51B05}"
EndProject
Project("{8BC9CEB8-8B4A-11D0-8D11-00A0C91BC942}") = "socket", "..\luasocket-2.0.2\socket.vcxproj", "{66E3CE14-884D-4AEA-9F20-15A0BEAF8C5A}"
EndProject
Project("{8BC9CEB8-8B4A-11D0-8D11-00A0C91BC942}") = "lua-uuid", "..\lua-uuid\lua-uuid.vcxproj", "{73FE25D5-2C8C-4E06-974F-B43C7405D9FA}"
EndProject
Project("{8BC9CEB8-8B4A-11D0-8D11-00A0C91BC942}") = "luafilesystem", "..\luafilesystem\luafilesystem.vcxproj", "{D8D7EBF5-6580-4709-83DD-D84F4AAC380C}"
EndProject
Project("{8BC9CEB8-8B4A-11D0-8D11-00A0C91BC942}") = "lua-cjson", "..\lua-cjson\lua-cjson.vcxproj", "{3902D8CC-2988-4116-83F2-359341CEBA74}"
EndProject
Global
	GlobalSection(SolutionConfigurationPlatforms) = preSolution
		Debug|x64 = Debug|x64
		Debug|x86 = Debug|x86
		Release|x64 = Release|x64
		Release|x86 = Release|x86
	EndGlobalSection
	GlobalSection(ProjectConfigurationPlatforms) = postSolution
		{81A0FF74-B767-47CB-A8B8-2E0DC0AF2C2A}.Debug|x64.ActiveCfg = Debug|x64
		{81A0FF74-B767-47CB-A8B8-2E0DC0AF2C2A}.Debug|x64.Build.0 = Debug|x64
		{81A0FF74-B767-47CB-A8B8-2E0DC0AF2C2A}.Debug|x86.ActiveCfg = Debug|Win32
		{81A0FF74-B767-47CB-A8B8-2E0DC0AF2C2A}.Debug|x86.Build.0 = Debug|Win32
		{81A0FF74-B767-47CB-A8B8-2E0DC0AF2C2A}.Release|x64.ActiveCfg = Release|x64
		{81A0FF74-B767-47CB-A8B8-2E0DC0AF2C2A}.Release|x64.Build.0 = Release|x64
		{81A0FF74-B767-47CB-A8B8-2E0DC0AF2C2A}.Release|x86.ActiveCfg = Release|Win32
		{81A0FF74-B767-47CB-A8B8-2E0DC0AF2C2A}.Release|x86.Build.0 = Release|Win32
		{B6F5A53A-2628-4F28-9FFD-E1CA9611DDCA}.Debug|x64.ActiveCfg = Debug|x64
		{B6F5A53A-2628-4F28-9FFD-E1CA9611DDCA}.Debug|x64.Build.0 = Debug|x64
		{B6F5A53A-2628-4F28-9FFD-E1CA9611DDCA}.Debug|x86.ActiveCfg = Debug|Win32
		{B6F5A53A-2628-4F28-9FFD-E1CA9611DDCA}.Debug|x86.Build.0 = Debug|Win32
		{B6F5A53A-2628-4F28-9FFD-E1CA9611DDCA}.Release|x64.ActiveCfg = Release|x64
		{B6F5A53A-2628-4F28-9FFD-E1CA9611DDCA}.Release|x64.Build.0 = Release|x64
		{B6F5A53A-2628-4F28-9FFD-E1CA9611DDCA}.Release|x86.ActiveCfg = Release|Win32
		{B6F5A53A-2628-4F28-9FFD-E1CA9611DDCA}.Release|x86.Build.0 = Release|Win32
		{FD8E4DDE-FBA9-4808-8102-335D07C51B05}.Debug|x64.ActiveCfg = Debug|x64
		{FD8E4DDE-FBA9-4808-8102-335D07C51B05}.Debug|x64.Build.0 = Debug|x64
		{FD8E4DDE-FBA9-4808-8102-335D07C51B05}.Debug|x86.ActiveCfg = Debug|Win32
		{FD8E4DDE-FBA9-4808-8102-335D07C51B05}.Debug|x86.Build.0 = Debug|Win32
		{FD8E4DDE-FBA9-4808-8102-335D07C51B05}.Release|x64.ActiveCfg = Release|x64
		{FD8E4DDE-FBA9-4808-8102-335D07C51B05}.Release|x64.Build.0 = Release|x64
		{FD8E4DDE-FBA9-4808-8102-335D07C51B05}.Release|x86.ActiveCfg = Release|Win32
		{FD8E4DDE-FBA9-4808-8102-335D07C51B05}.Release|x86.Build.0 = Release|Win32
		{66E3CE14-884D-4AEA-9F20-15A0BEAF8C5A}.Debug|x64.ActiveCfg = Debug|Win32
		{66E3CE14-884D-4AEA-9F20-15A0BEAF8C5A}.Debug|x86.ActiveCfg = Debug|Win32
		{66E3CE14-884D-4AEA-9F20-15A0BEAF8C5A}.Debug|x86.Build.0 = Debug|Win32
		{66E3CE14-884D-4AEA-9F20-15A0BEAF8C5A}.Release|x64.ActiveCfg = Release|x64
		{66E3CE14-884D-4AEA-9F20-15A0BEAF8C5A}.Release|x86.ActiveCfg = Release|Win32
		{66E3CE14-884D-4AEA-9F20-15A0BEAF8C5A}.Release|x86.Build.0 = Release|Win32
		{73FE25D5-2C8C-4E06-974F-B43C7405D9FA}.Debug|x64.ActiveCfg = Debug|x64
		{73FE25D5-2C8C-4E06-974F-B43C7405D9FA}.Debug|x64.Build.0 = Debug|x64
		{73FE25D5-2C8C-4E06-974F-B43C7405D9FA}.Debug|x86.ActiveCfg = Debug|Win32
		{73FE25D5-2C8C-4E06-974F-B43C7405D9FA}.Debug|x86.Build.0 = Debug|Win32
		{73FE25D5-2C8C-4E06-974F-B43C7405D9FA}.Release|x64.ActiveCfg = Release|x64
		{73FE25D5-2C8C-4E06-974F-B43C7405D9FA}.Release|x64.Build.0 = Release|x64
		{73FE25D5-2C8C-4E06-974F-B43C7405D9FA}.Release|x86.ActiveCfg = Release|Win32
		{73FE25D5-2C8C-4E06-974F-B43C7405D9FA}.Release|x86.Build.0 = Release|Win32
		{D8D7EBF5-6580-4709-83DD-D84F4AAC380C}.Debug|x64.ActiveCfg = Debug|x64
		{D8D7EBF5-6580-4709-83DD-D84F4AAC380C}.Debug|x64.Build.0 = Debug|x64
		{D8D7EBF5-6580-4709-83DD-D84F4AAC380C}.Debug|x86.ActiveCfg = Debug|Win32
		{D8D7EBF5-6580-4709-83DD-D84F4AAC380C}.Debug|x86.Build.0 = Debug|Win32
		{D8D7EBF5-6580-4709-83DD-D84F4AAC380C}.Release|x64.ActiveCfg = Release|x64
		{D8D7EBF5-6580-4709-83DD-D84F4AAC380C}.Release|x64.Build.0 = Release|x64
		{D8D7EBF5-6580-4709-83DD-D84F4AAC380C}.Release|x86.ActiveCfg = Release|Win32
		{D8D7EBF5-6580-4709-83DD-D84F4AAC380C}.Release|x86.Build.0 = Release|Win32
		{3902D8CC-2988-4116-83F2-359341CEBA74}.Debug|x64.ActiveCfg = Debug|x64
		{3902D8CC-2988-4116-83F2-359341CEBA74}.Debug|x64.Build.0 = Debug|x64
		{3902D8CC-2988-4116-83F2-359341CEBA74}.Debug|x86.ActiveCfg = Debug|Win32
		{3902D8CC-2988-4116-83F2-359341CEBA74}.Debug|x86.Build.0 = Debug|Win32
		{3902D8CC-2988-4116-83F2-359341CEBA74}.Release|x64.ActiveCfg = Release|x64
		{3902D8CC-2988-4116-83F2-359341CEBA74}.Release|x64.Build.0 = Release|x64
		{3902D8CC-2988-4116-83F2-359341CEBA74}.Release|x86.ActiveCfg = Release|Win32
		{3902D8CC-2988-4116-83F2-359341CEBA74}.Release|x86.Build.0 = Release|Win32
	EndGlobalSection
	GlobalSection(SolutionProperties) = preSolution
		HideSolutionNode = FALSE
	EndGlobalSection
EndGlobal
